{
  "version": 4,
  "terraform_version": "0.14.5",
  "serial": 93,
  "lineage": "0a8b2f0f-a71d-1863-46f4-c7f43cab7dff",
  "outputs": {
    "tls_private_key": {
      "value": "-----BEGIN RSA PRIVATE KEY-----\nMIIJKAIBAAKCAgEA2tdbnbDqeTqDf4POv/83+tWAqzgzxvoQzsUVfv9EcwBJ+D8P\nSZEzJ9fdH4f9p431rETTiiaamMDJ9H3wJFwf5jLGXTg3NTNJlGPkUnV/23Nw3g5Q\nXujth32d4PZDmJUxW21W90cMO/NzcGjKZgOaZUk4tJZRc9ltoAvJ1lHrC5puZ5ux\n7CkJ1aRgNJQGDxSXOuPBpgdNoyPCeKXK6A1UGl2Bbnn4DGnZIJdf6NceJDs/Hn1A\n7gi9xNQ7AycVsbTVypFBqMMYT4WtMF3o+ARfkxzdN1DMxin4IxE6KWq8d7ye3mJj\nGxf25WiQHKgYVDgleh3azeiz6XHPe5zBqF85teuckKqQFnPcC6HSn9al2OKhyp7z\nDmh6EwTWHWCa9aHgGa3NvFWfWnPmxZaBpy2MsWX0gc8xzjQnJ9vP3twMAv0MLtMl\nBeqtFkR7QwlSDZXAwcq5Qg1wsSlRo/9fa057mlL8lWNMASmoDfs12dV8HLMNvKIC\nYImlxSh8oaHq/KfsOKHDQ7KDDd/Bbs6LrOed5Qj4n6PxN53Lfd5+Hczbnsy5L/gf\nvQASESy4FSSsEgogopKD1/VS5JFeuUOtjrIEkWXdLwGpXgNIdYN+0kNzOj09REV4\nNTarc4Fr0hKiVcyp+uAXx+uXS2J/UGKB1+trTX906clmnfA9gWCy9lLxCbcCAwEA\nAQKCAgBGhGrTL3T+x2okJtbya00gmLezdJLKpT3RQxSgLaVi4U70nW1RqWYwipCI\nXovP+CCX+D2qILJkUotBK2u8a6sjxGzDESBJFlO5a07he1dN4a8W/snLK4eOx12e\nZfx2KG0VJvCFEfHRR6uFJ19A7BxOUv/gwSdSC1gV4HaThyYUQRkebb8xeC/hFeyi\nRKiHJ31rzoRR+bx8u0MpGVN+3vyg2kygytCxP1Jl/CE9qEPgLO8z5eyMR2jPCgxS\nAcAt2TWi5pefx+4Hge3CziAJ+27Iut5VusWhfVimBCEXw3sjojYXNuD0lA5M8hqu\nAUSFrun0pbYh78A5kyDmliaZGMZBTjUIoyUmllGLb5Zf4HEVhGBdMgAVS9EbMdES\nlaQWQ6DTim6x6/vfi+g39oUzZQ/8GSmn7LVsZ8+YtSwPNNrTvesKKbtqWU9z8+N8\n1wgz8H8rrXhxHvORmrkTJj283HNvtczA3aKdLMUucyV6M8rxinDcNvLUMtsUzORf\n1rmF4qrlqGuLOaX8wOjxGTdumw+eM6IesLqkqKMogVkb1Xt095r6LMXBdFs2Uggi\n5G1BndaXDmG64lyJrCJK9bLWchvu5y8JPxahZ2Z3L2yR7aGSpfGyTYcIum0q+hNP\n2vszRcGn3+4/SqSaSKbtfWFS5LFtjE0zfZWLaLxkd2SaaIirwQKCAQEA6tcisyQ/\nYqF0QkYBNycQK6UkRXYm48cnyUYwP6imFyJTv2Ie5akRp30ymALjitaAW2y9LzIB\n8IkuaUA1LX0+rd/VbEmRTRwlCVmi432y8hECuxfuwZYexjx7DbCmt5U1OkcJYUez\nUv6X/amY5z4/seHWrZFeBn9ReFW+ID5RRMh4434138RDHqIos+lL1J0xDg20AYAN\nmqkBnkc6ZI1y/fTVjNoFZ4YKDK0u698uoo57Df3pRtdDhbaON36MaFrYzF+RHB7Q\nbfSgCA9ymmKztopb81Zmvt4yUCOb/aAH2I1pVvNtsbGeh/7Ue8A4t9IntLKoxB2+\nmsSSUlnoI3v45wKCAQEA7o8vEtICttfMCxU+v9/ieB8t8iQzk0PdpPmaqevKP3jz\n1ef2PM7kc8bL9dNhGhNyakzKroeac1Sm7vOYT8Kq5EsEj2ZHofsq2CvS4rtSXQxV\ntcDouU9y6fKjErF4UDLiknwaZHTpNMaQY5IOVztNKwmJGZJbTOAAPCzYEu6uMoT9\nmYx1gOFiZOxV6OCwtk/+AiOA8o3/nfCAzX4558rt00b2UMxFyjEstrGYRK2vUEsh\neA1GeHkCn1T4pJahDhCaeV3/F5up8wK6bShqz3+chaC+xlhUbTVFkNO3WfK8f3WA\nqpkmEKJJs593js+VYdpvjDj7n2uHwjApLFmRJD4+sQKCAQEA2MfJR1bRkCl8GWVn\n39KWccOa7Of5VFBWYM0C4vC6iSZt6oAYB2Z/Xn4Kwxn/k/0YNcz2AmgGNFVd21ii\n/h/cSUMTT0fF8kllwvDUlW1GT3/2ZmDcTCVYuSPBb8y+yT7aCLbkaMF4Pse35De3\nZtcmkvznYAeNpS/IM+3qePctq/Hm7hFmh+4zC0cjjZhxII4OZ2us26mqZTdXwBT+\nSS3tlZJ5wvDLBlpMUpFXe/LkqLgfzbWyrmst8HOpan7N+9LIyDf7ytqDCs1DIM2p\nu+wa+wlTghgi9lREW4fTilc8huFa+SHzA5HzxpQs7yNs9/ruHjbB5W+TsGh+rbhC\nuubIxwKCAQBDgywMRHjWK/4nyMxoWsDpw9Ep7MrXy2YHkUgO/JbRHbbL+4h5LwgC\nJ+mC2V5qlcRUhwT5HZE9QGC50SByuiHI194jgwuUsNMwOD7HQcIOaTY8aKqz/uMD\niFJUMPtenvf2Ar8pXNi+wc8NDsGWOEcffeRZ40yJVf9bCEniGcActfxbHyAF6EMD\nUssBS81W2w6Epm2Qt1T26qBZB3b1vT1PBI8i0JyTmxUPYvU3wnuR2qFPK1qdL4np\nc4+mbKaJp3NAE7Tkhn4zMrt1tvF7ZZ7zRkmXMlo6SdA1K2WBRCvKWoOeRBc8r+Dx\nv5iDRwX8mmflJB85v6G8+Ao+7d4ghqkRAoIBAA160QzMswwAwQXGX/xyS+mbmeUb\nVMnLi1ejgUD6kGtRL4IUaCdeByS1mttUc1RnvpTFtA223dDOrAbh4w1oNSK7RtQq\nSfPoZvI1vRuSOxt1Bs2bkBqFVNJHDdAN8dAnV1y5UXyuY9aXkYJk/kU9EKFYt5Fn\nEL444HeZIXyNnDeV19dn6cEh4paYI+HRvwG8uKvPJg2gqvXbDn7mSK+sf4YJdm9B\nUuUSbTUhkCMxlnc3ULjDv0/Tr+v6jT+FjyLkQ1Ay9y7aEMPJtZJ0iXKCIZo6Vy/T\nIeKbMn85AnKxENo/ZbSp6q98XFN7QqJzJ+16/ITnLN0/KHHJTx/o99VlmWg=\n-----END RSA PRIVATE KEY-----\n",
      "type": "string"
    }
  },
  "resources": [
    {
      "mode": "managed",
      "type": "azurerm_linux_virtual_machine",
      "name": "myterraformvm",
      "provider": "provider[\"registry.terraform.io/hashicorp/azurerm\"]",
      "instances": [
        {
          "status": "tainted",
          "schema_version": 0,
          "attributes": {
            "additional_capabilities": [],
            "admin_password": null,
            "admin_ssh_key": [
              {
                "public_key": "ssh-rsa AAAAB3NzaC1yc2EAAAADAQABAAACAQDa11udsOp5OoN/g86//zf61YCrODPG+hDOxRV+/0RzAEn4Pw9JkTMn190fh/2njfWsRNOKJpqYwMn0ffAkXB/mMsZdODc1M0mUY+RSdX/bc3DeDlBe6O2HfZ3g9kOYlTFbbVb3Rww783NwaMpmA5plSTi0llFz2W2gC8nWUesLmm5nm7HsKQnVpGA0lAYPFJc648GmB02jI8J4pcroDVQaXYFuefgMadkgl1/o1x4kOz8efUDuCL3E1DsDJxWxtNXKkUGowxhPha0wXej4BF+THN03UMzGKfgjEToparx3vJ7eYmMbF/blaJAcqBhUOCV6HdrN6LPpcc97nMGoXzm165yQqpAWc9wLodKf1qXY4qHKnvMOaHoTBNYdYJr1oeAZrc28VZ9ac+bFloGnLYyxZfSBzzHONCcn28/e3AwC/Qwu0yUF6q0WRHtDCVINlcDByrlCDXCxKVGj/19rTnuaUvyVY0wBKagN+zXZ1Xwcsw28ogJgiaXFKHyhoer8p+w4ocNDsoMN38Fuzous553lCPifo/E3nct93n4dzNuezLkv+B+9ABIRLLgVJKwSCiCikoPX9VLkkV65Q62OsgSRZd0vAaleA0h1g37SQ3M6PT1ERXg1NqtzgWvSEqJVzKn64BfH65dLYn9QYoHX62tNf3TpyWad8D2BYLL2UvEJtw==\n",
                "username": "ddesonier"
              }
            ],
            "admin_username": "ddesonier",
            "allow_extension_operations": true,
            "availability_set_id": "",
            "boot_diagnostics": [
              {
                "storage_account_uri": "https://mylinuxlabstraccnt.blob.core.windows.net/"
              }
            ],
            "computer_name": "myLinuxvm",
            "custom_data": null,
            "dedicated_host_id": "",
            "disable_password_authentication": true,
            "encryption_at_host_enabled": false,
            "eviction_policy": "",
            "extensions_time_budget": "PT1H30M",
            "id": "/subscriptions/6c97014e-fe9c-465e-ab23-8839b1a5ea07/resourceGroups/myrg01/providers/Microsoft.Compute/virtualMachines/MyVM",
            "identity": [],
            "license_type": "",
            "location": "eastus",
            "max_bid_price": -1,
            "name": "MyVM",
            "network_interface_ids": [
              "/subscriptions/6c97014e-fe9c-465e-ab23-8839b1a5ea07/resourceGroups/myrg01/providers/Microsoft.Network/networkInterfaces/myNIC"
            ],
            "os_disk": [
              {
                "caching": "ReadWrite",
                "diff_disk_settings": [],
                "disk_encryption_set_id": "",
                "disk_size_gb": 30,
                "name": "myOsDisk",
                "storage_account_type": "Premium_LRS",
                "write_accelerator_enabled": false
              }
            ],
            "plan": [],
            "platform_fault_domain": -1,
            "priority": "Regular",
            "private_ip_address": "10.0.1.4",
            "private_ip_addresses": [
              "10.0.1.4"
            ],
            "provision_vm_agent": true,
            "proximity_placement_group_id": "",
            "public_ip_address": "40.85.171.10",
            "public_ip_addresses": [
              "40.85.171.10"
            ],
            "resource_group_name": "myrg01",
            "secret": [],
            "size": "Standard_D4s_v4",
            "source_image_id": "",
            "source_image_reference": [
              {
                "offer": "UbuntuServer",
                "publisher": "Canonical",
                "sku": "18.04-LTS",
                "version": "latest"
              }
            ],
            "tags": {
              "environment": "linux lab"
            },
            "timeouts": null,
            "virtual_machine_id": "80d9e483-db48-4237-b6e4-d7cd1bcfb93c",
            "virtual_machine_scale_set_id": "",
            "zone": ""
          },
          "sensitive_attributes": [],
          "private": "eyJlMmJmYjczMC1lY2FhLTExZTYtOGY4OC0zNDM2M2JjN2M0YzAiOnsiY3JlYXRlIjoyNzAwMDAwMDAwMDAwLCJkZWxldGUiOjI3MDAwMDAwMDAwMDAsInJlYWQiOjMwMDAwMDAwMDAwMCwidXBkYXRlIjoyNzAwMDAwMDAwMDAwfX0=",
          "dependencies": [
            "azurerm_network_interface.myterraformnic",
            "azurerm_public_ip.myterraformpublicip",
            "azurerm_resource_group.myterraformgroup",
            "azurerm_storage_account.mystorageaccount",
            "azurerm_subnet.myterraformsubnet",
            "azurerm_virtual_network.myterraformnetwork",
            "tls_private_key.example_ssh"
          ]
        }
      ]
    },
    {
      "mode": "managed",
      "type": "azurerm_network_interface",
      "name": "myterraformnic",
      "provider": "provider[\"registry.terraform.io/hashicorp/azurerm\"]",
      "instances": [
        {
          "schema_version": 0,
          "attributes": {
            "applied_dns_servers": [],
            "dns_servers": [],
            "enable_accelerated_networking": false,
            "enable_ip_forwarding": false,
            "id": "/subscriptions/6c97014e-fe9c-465e-ab23-8839b1a5ea07/resourceGroups/myrg01/providers/Microsoft.Network/networkInterfaces/myNIC",
            "internal_dns_name_label": "",
            "internal_domain_name_suffix": "butkiu2rblaefiyasre5xgq3vf.bx.internal.cloudapp.net",
            "ip_configuration": [
              {
                "name": "myNicConfiguration",
                "primary": true,
                "private_ip_address": "10.0.1.4",
                "private_ip_address_allocation": "Dynamic",
                "private_ip_address_version": "IPv4",
                "public_ip_address_id": "/subscriptions/6c97014e-fe9c-465e-ab23-8839b1a5ea07/resourceGroups/myrg01/providers/Microsoft.Network/publicIPAddresses/myPublicIP",
                "subnet_id": "/subscriptions/6c97014e-fe9c-465e-ab23-8839b1a5ea07/resourceGroups/myrg01/providers/Microsoft.Network/virtualNetworks/myVnet/subnets/mySubnet"
              }
            ],
            "location": "eastus",
            "mac_address": "",
            "name": "myNIC",
            "private_ip_address": "10.0.1.4",
            "private_ip_addresses": [
              "10.0.1.4"
            ],
            "resource_group_name": "myrg01",
            "tags": {
              "environment": "linux lab"
            },
            "timeouts": null,
            "virtual_machine_id": ""
          },
          "sensitive_attributes": [],
          "private": "eyJlMmJmYjczMC1lY2FhLTExZTYtOGY4OC0zNDM2M2JjN2M0YzAiOnsiY3JlYXRlIjoxODAwMDAwMDAwMDAwLCJkZWxldGUiOjE4MDAwMDAwMDAwMDAsInJlYWQiOjMwMDAwMDAwMDAwMCwidXBkYXRlIjoxODAwMDAwMDAwMDAwfX0=",
          "dependencies": [
            "azurerm_public_ip.myterraformpublicip",
            "azurerm_resource_group.myterraformgroup",
            "azurerm_subnet.myterraformsubnet",
            "azurerm_virtual_network.myterraformnetwork"
          ]
        }
      ]
    },
    {
      "mode": "managed",
      "type": "azurerm_network_interface_security_group_association",
      "name": "example",
      "provider": "provider[\"registry.terraform.io/hashicorp/azurerm\"]",
      "instances": [
        {
          "schema_version": 0,
          "attributes": {
            "id": "/subscriptions/6c97014e-fe9c-465e-ab23-8839b1a5ea07/resourceGroups/myrg01/providers/Microsoft.Network/networkInterfaces/myNIC|/subscriptions/6c97014e-fe9c-465e-ab23-8839b1a5ea07/resourceGroups/myrg01/providers/Microsoft.Network/networkSecurityGroups/myNetworkSecurityGroup",
            "network_interface_id": "/subscriptions/6c97014e-fe9c-465e-ab23-8839b1a5ea07/resourceGroups/myrg01/providers/Microsoft.Network/networkInterfaces/myNIC",
            "network_security_group_id": "/subscriptions/6c97014e-fe9c-465e-ab23-8839b1a5ea07/resourceGroups/myrg01/providers/Microsoft.Network/networkSecurityGroups/myNetworkSecurityGroup",
            "timeouts": null
          },
          "sensitive_attributes": [],
          "private": "eyJlMmJmYjczMC1lY2FhLTExZTYtOGY4OC0zNDM2M2JjN2M0YzAiOnsiY3JlYXRlIjoxODAwMDAwMDAwMDAwLCJkZWxldGUiOjE4MDAwMDAwMDAwMDAsInJlYWQiOjMwMDAwMDAwMDAwMCwidXBkYXRlIjoxODAwMDAwMDAwMDAwfX0=",
          "dependencies": [
            "azurerm_network_interface.myterraformnic",
            "azurerm_network_security_group.myterraformnsg",
            "azurerm_public_ip.myterraformpublicip",
            "azurerm_resource_group.myterraformgroup",
            "azurerm_subnet.myterraformsubnet",
            "azurerm_virtual_network.myterraformnetwork"
          ]
        }
      ]
    },
    {
      "mode": "managed",
      "type": "azurerm_network_security_group",
      "name": "myterraformnsg",
      "provider": "provider[\"registry.terraform.io/hashicorp/azurerm\"]",
      "instances": [
        {
          "schema_version": 0,
          "attributes": {
            "id": "/subscriptions/6c97014e-fe9c-465e-ab23-8839b1a5ea07/resourceGroups/myrg01/providers/Microsoft.Network/networkSecurityGroups/myNetworkSecurityGroup",
            "location": "eastus",
            "name": "myNetworkSecurityGroup",
            "resource_group_name": "myrg01",
            "security_rule": [
              {
                "access": "Allow",
                "description": "",
                "destination_address_prefix": "*",
                "destination_address_prefixes": [],
                "destination_application_security_group_ids": [],
                "destination_port_range": "22",
                "destination_port_ranges": [],
                "direction": "Inbound",
                "name": "SSH",
                "priority": 1001,
                "protocol": "Tcp",
                "source_address_prefix": "*",
                "source_address_prefixes": [],
                "source_application_security_group_ids": [],
                "source_port_range": "*",
                "source_port_ranges": []
              },
              {
                "access": "Allow",
                "description": "",
                "destination_address_prefix": "*",
                "destination_address_prefixes": [],
                "destination_application_security_group_ids": [],
                "destination_port_range": "3389",
                "destination_port_ranges": [],
                "direction": "Inbound",
                "name": "RPD",
                "priority": 1002,
                "protocol": "Tcp",
                "source_address_prefix": "*",
                "source_address_prefixes": [],
                "source_application_security_group_ids": [],
                "source_port_range": "*",
                "source_port_ranges": []
              }
            ],
            "tags": {
              "environment": "linux lab"
            },
            "timeouts": null
          },
          "sensitive_attributes": [],
          "private": "eyJlMmJmYjczMC1lY2FhLTExZTYtOGY4OC0zNDM2M2JjN2M0YzAiOnsiY3JlYXRlIjoxODAwMDAwMDAwMDAwLCJkZWxldGUiOjE4MDAwMDAwMDAwMDAsInJlYWQiOjMwMDAwMDAwMDAwMCwidXBkYXRlIjoxODAwMDAwMDAwMDAwfX0=",
          "dependencies": [
            "azurerm_resource_group.myterraformgroup"
          ]
        }
      ]
    },
    {
      "mode": "managed",
      "type": "azurerm_public_ip",
      "name": "myterraformpublicip",
      "provider": "provider[\"registry.terraform.io/hashicorp/azurerm\"]",
      "instances": [
        {
          "schema_version": 0,
          "attributes": {
            "allocation_method": "Dynamic",
            "domain_name_label": null,
            "fqdn": null,
            "id": "/subscriptions/6c97014e-fe9c-465e-ab23-8839b1a5ea07/resourceGroups/myrg01/providers/Microsoft.Network/publicIPAddresses/myPublicIP",
            "idle_timeout_in_minutes": 4,
            "ip_address": "",
            "ip_version": "IPv4",
            "location": "eastus",
            "name": "myPublicIP",
            "public_ip_prefix_id": null,
            "resource_group_name": "myrg01",
            "reverse_fqdn": null,
            "sku": "Basic",
            "tags": {
              "environment": "linux lab"
            },
            "timeouts": null,
            "zones": null
          },
          "sensitive_attributes": [],
          "private": "eyJlMmJmYjczMC1lY2FhLTExZTYtOGY4OC0zNDM2M2JjN2M0YzAiOnsiY3JlYXRlIjoxODAwMDAwMDAwMDAwLCJkZWxldGUiOjE4MDAwMDAwMDAwMDAsInJlYWQiOjMwMDAwMDAwMDAwMCwidXBkYXRlIjoxODAwMDAwMDAwMDAwfX0=",
          "dependencies": [
            "azurerm_resource_group.myterraformgroup"
          ]
        }
      ]
    },
    {
      "mode": "managed",
      "type": "azurerm_resource_group",
      "name": "myterraformgroup",
      "provider": "provider[\"registry.terraform.io/hashicorp/azurerm\"]",
      "instances": [
        {
          "schema_version": 0,
          "attributes": {
            "id": "/subscriptions/6c97014e-fe9c-465e-ab23-8839b1a5ea07/resourceGroups/myrg01",
            "location": "eastus",
            "name": "myrg01",
            "tags": {
              "environment": "linux lab"
            },
            "timeouts": null
          },
          "sensitive_attributes": [],
          "private": "eyJlMmJmYjczMC1lY2FhLTExZTYtOGY4OC0zNDM2M2JjN2M0YzAiOnsiY3JlYXRlIjo1NDAwMDAwMDAwMDAwLCJkZWxldGUiOjU0MDAwMDAwMDAwMDAsInJlYWQiOjMwMDAwMDAwMDAwMCwidXBkYXRlIjo1NDAwMDAwMDAwMDAwfX0="
        }
      ]
    },
    {
      "mode": "managed",
      "type": "azurerm_storage_account",
      "name": "mystorageaccount",
      "provider": "provider[\"registry.terraform.io/hashicorp/azurerm\"]",
      "instances": [
        {
          "schema_version": 2,
          "attributes": {
            "access_tier": "Hot",
            "account_kind": "StorageV2",
            "account_replication_type": "LRS",
            "account_tier": "Standard",
            "allow_blob_public_access": false,
            "blob_properties": [],
            "custom_domain": [],
            "enable_https_traffic_only": true,
            "id": "/subscriptions/6c97014e-fe9c-465e-ab23-8839b1a5ea07/resourceGroups/myrg01/providers/Microsoft.Storage/storageAccounts/mylinuxlabstraccnt",
            "identity": [],
            "is_hns_enabled": false,
            "large_file_share_enabled": null,
            "location": "eastus",
            "min_tls_version": "TLS1_0",
            "name": "mylinuxlabstraccnt",
            "network_rules": [
              {
                "bypass": [
                  "AzureServices"
                ],
                "default_action": "Allow",
                "ip_rules": [],
                "virtual_network_subnet_ids": []
              }
            ],
            "primary_access_key": "z0yAYT8KpQxHZ+9V4QELdhEACWV3Bx3j+kZmE7ojoIxyYBoEP0Vb9Gq+mkzkGRLq+LrmIrSo+jIPzFP7NPIHqQ==",
            "primary_blob_connection_string": "DefaultEndpointsProtocol=https;BlobEndpoint=https://mylinuxlabstraccnt.blob.core.windows.net/;AccountName=mylinuxlabstraccnt;AccountKey=z0yAYT8KpQxHZ+9V4QELdhEACWV3Bx3j+kZmE7ojoIxyYBoEP0Vb9Gq+mkzkGRLq+LrmIrSo+jIPzFP7NPIHqQ==",
            "primary_blob_endpoint": "https://mylinuxlabstraccnt.blob.core.windows.net/",
            "primary_blob_host": "mylinuxlabstraccnt.blob.core.windows.net",
            "primary_connection_string": "DefaultEndpointsProtocol=https;AccountName=mylinuxlabstraccnt;AccountKey=z0yAYT8KpQxHZ+9V4QELdhEACWV3Bx3j+kZmE7ojoIxyYBoEP0Vb9Gq+mkzkGRLq+LrmIrSo+jIPzFP7NPIHqQ==;EndpointSuffix=core.windows.net",
            "primary_dfs_endpoint": "https://mylinuxlabstraccnt.dfs.core.windows.net/",
            "primary_dfs_host": "mylinuxlabstraccnt.dfs.core.windows.net",
            "primary_file_endpoint": "https://mylinuxlabstraccnt.file.core.windows.net/",
            "primary_file_host": "mylinuxlabstraccnt.file.core.windows.net",
            "primary_location": "eastus",
            "primary_queue_endpoint": "https://mylinuxlabstraccnt.queue.core.windows.net/",
            "primary_queue_host": "mylinuxlabstraccnt.queue.core.windows.net",
            "primary_table_endpoint": "https://mylinuxlabstraccnt.table.core.windows.net/",
            "primary_table_host": "mylinuxlabstraccnt.table.core.windows.net",
            "primary_web_endpoint": "https://mylinuxlabstraccnt.z13.web.core.windows.net/",
            "primary_web_host": "mylinuxlabstraccnt.z13.web.core.windows.net",
            "queue_properties": [
              {
                "cors_rule": [],
                "hour_metrics": [
                  {
                    "enabled": true,
                    "include_apis": true,
                    "retention_policy_days": 7,
                    "version": "1.0"
                  }
                ],
                "logging": [
                  {
                    "delete": false,
                    "read": false,
                    "retention_policy_days": 0,
                    "version": "1.0",
                    "write": false
                  }
                ],
                "minute_metrics": [
                  {
                    "enabled": false,
                    "include_apis": false,
                    "retention_policy_days": 0,
                    "version": "1.0"
                  }
                ]
              }
            ],
            "resource_group_name": "myrg01",
            "secondary_access_key": "o2Zre40pBXi6lOGjBSqkpxjFanrSElzaxZP0fS1/15ewivTpT5WG/hcxSVJHyM25MchETW4nwhtG6NlPMMB1EA==",
            "secondary_blob_connection_string": "",
            "secondary_blob_endpoint": null,
            "secondary_blob_host": null,
            "secondary_connection_string": "DefaultEndpointsProtocol=https;AccountName=mylinuxlabstraccnt;AccountKey=o2Zre40pBXi6lOGjBSqkpxjFanrSElzaxZP0fS1/15ewivTpT5WG/hcxSVJHyM25MchETW4nwhtG6NlPMMB1EA==;EndpointSuffix=core.windows.net",
            "secondary_dfs_endpoint": null,
            "secondary_dfs_host": null,
            "secondary_file_endpoint": null,
            "secondary_file_host": null,
            "secondary_location": "",
            "secondary_queue_endpoint": null,
            "secondary_queue_host": null,
            "secondary_table_endpoint": null,
            "secondary_table_host": null,
            "secondary_web_endpoint": null,
            "secondary_web_host": null,
            "static_website": [],
            "tags": {
              "environment": "linux lab"
            },
            "timeouts": null
          },
          "sensitive_attributes": [],
          "private": "eyJlMmJmYjczMC1lY2FhLTExZTYtOGY4OC0zNDM2M2JjN2M0YzAiOnsiY3JlYXRlIjozNjAwMDAwMDAwMDAwLCJkZWxldGUiOjM2MDAwMDAwMDAwMDAsInJlYWQiOjMwMDAwMDAwMDAwMCwidXBkYXRlIjozNjAwMDAwMDAwMDAwfSwic2NoZW1hX3ZlcnNpb24iOiIyIn0=",
          "dependencies": [
            "azurerm_resource_group.myterraformgroup"
          ]
        }
      ]
    },
    {
      "mode": "managed",
      "type": "azurerm_subnet",
      "name": "myterraformsubnet",
      "provider": "provider[\"registry.terraform.io/hashicorp/azurerm\"]",
      "instances": [
        {
          "schema_version": 0,
          "attributes": {
            "address_prefix": "10.0.1.0/24",
            "address_prefixes": [
              "10.0.1.0/24"
            ],
            "delegation": [],
            "enforce_private_link_endpoint_network_policies": false,
            "enforce_private_link_service_network_policies": false,
            "id": "/subscriptions/6c97014e-fe9c-465e-ab23-8839b1a5ea07/resourceGroups/myrg01/providers/Microsoft.Network/virtualNetworks/myVnet/subnets/mySubnet",
            "name": "mySubnet",
            "resource_group_name": "myrg01",
            "service_endpoint_policy_ids": null,
            "service_endpoints": null,
            "timeouts": null,
            "virtual_network_name": "myVnet"
          },
          "sensitive_attributes": [],
          "private": "eyJlMmJmYjczMC1lY2FhLTExZTYtOGY4OC0zNDM2M2JjN2M0YzAiOnsiY3JlYXRlIjoxODAwMDAwMDAwMDAwLCJkZWxldGUiOjE4MDAwMDAwMDAwMDAsInJlYWQiOjMwMDAwMDAwMDAwMCwidXBkYXRlIjoxODAwMDAwMDAwMDAwfX0=",
          "dependencies": [
            "azurerm_resource_group.myterraformgroup",
            "azurerm_virtual_network.myterraformnetwork"
          ]
        }
      ]
    },
    {
      "mode": "managed",
      "type": "azurerm_virtual_network",
      "name": "myterraformnetwork",
      "provider": "provider[\"registry.terraform.io/hashicorp/azurerm\"]",
      "instances": [
        {
          "schema_version": 0,
          "attributes": {
            "address_space": [
              "10.0.0.0/16"
            ],
            "bgp_community": "",
            "ddos_protection_plan": [],
            "dns_servers": null,
            "guid": "53a4260d-0a91-42c0-a300-9449fb9a1dad",
            "id": "/subscriptions/6c97014e-fe9c-465e-ab23-8839b1a5ea07/resourceGroups/myrg01/providers/Microsoft.Network/virtualNetworks/myVnet",
            "location": "eastus",
            "name": "myVnet",
            "resource_group_name": "myrg01",
            "subnet": [],
            "tags": {
              "environment": "linux lab"
            },
            "timeouts": null,
            "vm_protection_enabled": false
          },
          "sensitive_attributes": [],
          "private": "eyJlMmJmYjczMC1lY2FhLTExZTYtOGY4OC0zNDM2M2JjN2M0YzAiOnsiY3JlYXRlIjoxODAwMDAwMDAwMDAwLCJkZWxldGUiOjE4MDAwMDAwMDAwMDAsInJlYWQiOjMwMDAwMDAwMDAwMCwidXBkYXRlIjoxODAwMDAwMDAwMDAwfX0=",
          "dependencies": [
            "azurerm_resource_group.myterraformgroup"
          ]
        }
      ]
    },
    {
      "mode": "managed",
      "type": "random_id",
      "name": "randomId",
      "provider": "provider[\"registry.terraform.io/hashicorp/random\"]",
      "instances": [
        {
          "schema_version": 0,
          "attributes": {
            "b64_std": "MWZKuAxTKbk=",
            "b64_url": "MWZKuAxTKbk",
            "byte_length": 8,
            "dec": "3559614709824170425",
            "hex": "31664ab80c5329b9",
            "id": "MWZKuAxTKbk",
            "keepers": {
              "resource_group": "myrg01"
            },
            "prefix": null
          },
          "sensitive_attributes": [],
          "private": "bnVsbA==",
          "dependencies": [
            "azurerm_resource_group.myterraformgroup"
          ]
        }
      ]
    },
    {
      "mode": "managed",
      "type": "tls_private_key",
      "name": "example_ssh",
      "provider": "provider[\"registry.terraform.io/hashicorp/tls\"]",
      "instances": [
        {
          "schema_version": 0,
          "attributes": {
            "algorithm": "RSA",
            "ecdsa_curve": "P224",
            "id": "681fd3b2cda279e6fe2c84f548875cf7f869e6c4",
            "private_key_pem": "-----BEGIN RSA PRIVATE KEY-----\nMIIJKAIBAAKCAgEA2tdbnbDqeTqDf4POv/83+tWAqzgzxvoQzsUVfv9EcwBJ+D8P\nSZEzJ9fdH4f9p431rETTiiaamMDJ9H3wJFwf5jLGXTg3NTNJlGPkUnV/23Nw3g5Q\nXujth32d4PZDmJUxW21W90cMO/NzcGjKZgOaZUk4tJZRc9ltoAvJ1lHrC5puZ5ux\n7CkJ1aRgNJQGDxSXOuPBpgdNoyPCeKXK6A1UGl2Bbnn4DGnZIJdf6NceJDs/Hn1A\n7gi9xNQ7AycVsbTVypFBqMMYT4WtMF3o+ARfkxzdN1DMxin4IxE6KWq8d7ye3mJj\nGxf25WiQHKgYVDgleh3azeiz6XHPe5zBqF85teuckKqQFnPcC6HSn9al2OKhyp7z\nDmh6EwTWHWCa9aHgGa3NvFWfWnPmxZaBpy2MsWX0gc8xzjQnJ9vP3twMAv0MLtMl\nBeqtFkR7QwlSDZXAwcq5Qg1wsSlRo/9fa057mlL8lWNMASmoDfs12dV8HLMNvKIC\nYImlxSh8oaHq/KfsOKHDQ7KDDd/Bbs6LrOed5Qj4n6PxN53Lfd5+Hczbnsy5L/gf\nvQASESy4FSSsEgogopKD1/VS5JFeuUOtjrIEkWXdLwGpXgNIdYN+0kNzOj09REV4\nNTarc4Fr0hKiVcyp+uAXx+uXS2J/UGKB1+trTX906clmnfA9gWCy9lLxCbcCAwEA\nAQKCAgBGhGrTL3T+x2okJtbya00gmLezdJLKpT3RQxSgLaVi4U70nW1RqWYwipCI\nXovP+CCX+D2qILJkUotBK2u8a6sjxGzDESBJFlO5a07he1dN4a8W/snLK4eOx12e\nZfx2KG0VJvCFEfHRR6uFJ19A7BxOUv/gwSdSC1gV4HaThyYUQRkebb8xeC/hFeyi\nRKiHJ31rzoRR+bx8u0MpGVN+3vyg2kygytCxP1Jl/CE9qEPgLO8z5eyMR2jPCgxS\nAcAt2TWi5pefx+4Hge3CziAJ+27Iut5VusWhfVimBCEXw3sjojYXNuD0lA5M8hqu\nAUSFrun0pbYh78A5kyDmliaZGMZBTjUIoyUmllGLb5Zf4HEVhGBdMgAVS9EbMdES\nlaQWQ6DTim6x6/vfi+g39oUzZQ/8GSmn7LVsZ8+YtSwPNNrTvesKKbtqWU9z8+N8\n1wgz8H8rrXhxHvORmrkTJj283HNvtczA3aKdLMUucyV6M8rxinDcNvLUMtsUzORf\n1rmF4qrlqGuLOaX8wOjxGTdumw+eM6IesLqkqKMogVkb1Xt095r6LMXBdFs2Uggi\n5G1BndaXDmG64lyJrCJK9bLWchvu5y8JPxahZ2Z3L2yR7aGSpfGyTYcIum0q+hNP\n2vszRcGn3+4/SqSaSKbtfWFS5LFtjE0zfZWLaLxkd2SaaIirwQKCAQEA6tcisyQ/\nYqF0QkYBNycQK6UkRXYm48cnyUYwP6imFyJTv2Ie5akRp30ymALjitaAW2y9LzIB\n8IkuaUA1LX0+rd/VbEmRTRwlCVmi432y8hECuxfuwZYexjx7DbCmt5U1OkcJYUez\nUv6X/amY5z4/seHWrZFeBn9ReFW+ID5RRMh4434138RDHqIos+lL1J0xDg20AYAN\nmqkBnkc6ZI1y/fTVjNoFZ4YKDK0u698uoo57Df3pRtdDhbaON36MaFrYzF+RHB7Q\nbfSgCA9ymmKztopb81Zmvt4yUCOb/aAH2I1pVvNtsbGeh/7Ue8A4t9IntLKoxB2+\nmsSSUlnoI3v45wKCAQEA7o8vEtICttfMCxU+v9/ieB8t8iQzk0PdpPmaqevKP3jz\n1ef2PM7kc8bL9dNhGhNyakzKroeac1Sm7vOYT8Kq5EsEj2ZHofsq2CvS4rtSXQxV\ntcDouU9y6fKjErF4UDLiknwaZHTpNMaQY5IOVztNKwmJGZJbTOAAPCzYEu6uMoT9\nmYx1gOFiZOxV6OCwtk/+AiOA8o3/nfCAzX4558rt00b2UMxFyjEstrGYRK2vUEsh\neA1GeHkCn1T4pJahDhCaeV3/F5up8wK6bShqz3+chaC+xlhUbTVFkNO3WfK8f3WA\nqpkmEKJJs593js+VYdpvjDj7n2uHwjApLFmRJD4+sQKCAQEA2MfJR1bRkCl8GWVn\n39KWccOa7Of5VFBWYM0C4vC6iSZt6oAYB2Z/Xn4Kwxn/k/0YNcz2AmgGNFVd21ii\n/h/cSUMTT0fF8kllwvDUlW1GT3/2ZmDcTCVYuSPBb8y+yT7aCLbkaMF4Pse35De3\nZtcmkvznYAeNpS/IM+3qePctq/Hm7hFmh+4zC0cjjZhxII4OZ2us26mqZTdXwBT+\nSS3tlZJ5wvDLBlpMUpFXe/LkqLgfzbWyrmst8HOpan7N+9LIyDf7ytqDCs1DIM2p\nu+wa+wlTghgi9lREW4fTilc8huFa+SHzA5HzxpQs7yNs9/ruHjbB5W+TsGh+rbhC\nuubIxwKCAQBDgywMRHjWK/4nyMxoWsDpw9Ep7MrXy2YHkUgO/JbRHbbL+4h5LwgC\nJ+mC2V5qlcRUhwT5HZE9QGC50SByuiHI194jgwuUsNMwOD7HQcIOaTY8aKqz/uMD\niFJUMPtenvf2Ar8pXNi+wc8NDsGWOEcffeRZ40yJVf9bCEniGcActfxbHyAF6EMD\nUssBS81W2w6Epm2Qt1T26qBZB3b1vT1PBI8i0JyTmxUPYvU3wnuR2qFPK1qdL4np\nc4+mbKaJp3NAE7Tkhn4zMrt1tvF7ZZ7zRkmXMlo6SdA1K2WBRCvKWoOeRBc8r+Dx\nv5iDRwX8mmflJB85v6G8+Ao+7d4ghqkRAoIBAA160QzMswwAwQXGX/xyS+mbmeUb\nVMnLi1ejgUD6kGtRL4IUaCdeByS1mttUc1RnvpTFtA223dDOrAbh4w1oNSK7RtQq\nSfPoZvI1vRuSOxt1Bs2bkBqFVNJHDdAN8dAnV1y5UXyuY9aXkYJk/kU9EKFYt5Fn\nEL444HeZIXyNnDeV19dn6cEh4paYI+HRvwG8uKvPJg2gqvXbDn7mSK+sf4YJdm9B\nUuUSbTUhkCMxlnc3ULjDv0/Tr+v6jT+FjyLkQ1Ay9y7aEMPJtZJ0iXKCIZo6Vy/T\nIeKbMn85AnKxENo/ZbSp6q98XFN7QqJzJ+16/ITnLN0/KHHJTx/o99VlmWg=\n-----END RSA PRIVATE KEY-----\n",
            "public_key_fingerprint_md5": "45:2c:ec:7b:f3:68:c4:0b:87:0d:ec:31:20:29:e0:24",
            "public_key_openssh": "ssh-rsa AAAAB3NzaC1yc2EAAAADAQABAAACAQDa11udsOp5OoN/g86//zf61YCrODPG+hDOxRV+/0RzAEn4Pw9JkTMn190fh/2njfWsRNOKJpqYwMn0ffAkXB/mMsZdODc1M0mUY+RSdX/bc3DeDlBe6O2HfZ3g9kOYlTFbbVb3Rww783NwaMpmA5plSTi0llFz2W2gC8nWUesLmm5nm7HsKQnVpGA0lAYPFJc648GmB02jI8J4pcroDVQaXYFuefgMadkgl1/o1x4kOz8efUDuCL3E1DsDJxWxtNXKkUGowxhPha0wXej4BF+THN03UMzGKfgjEToparx3vJ7eYmMbF/blaJAcqBhUOCV6HdrN6LPpcc97nMGoXzm165yQqpAWc9wLodKf1qXY4qHKnvMOaHoTBNYdYJr1oeAZrc28VZ9ac+bFloGnLYyxZfSBzzHONCcn28/e3AwC/Qwu0yUF6q0WRHtDCVINlcDByrlCDXCxKVGj/19rTnuaUvyVY0wBKagN+zXZ1Xwcsw28ogJgiaXFKHyhoer8p+w4ocNDsoMN38Fuzous553lCPifo/E3nct93n4dzNuezLkv+B+9ABIRLLgVJKwSCiCikoPX9VLkkV65Q62OsgSRZd0vAaleA0h1g37SQ3M6PT1ERXg1NqtzgWvSEqJVzKn64BfH65dLYn9QYoHX62tNf3TpyWad8D2BYLL2UvEJtw==\n",
            "public_key_pem": "-----BEGIN PUBLIC KEY-----\nMIICIjANBgkqhkiG9w0BAQEFAAOCAg8AMIICCgKCAgEA2tdbnbDqeTqDf4POv/83\n+tWAqzgzxvoQzsUVfv9EcwBJ+D8PSZEzJ9fdH4f9p431rETTiiaamMDJ9H3wJFwf\n5jLGXTg3NTNJlGPkUnV/23Nw3g5QXujth32d4PZDmJUxW21W90cMO/NzcGjKZgOa\nZUk4tJZRc9ltoAvJ1lHrC5puZ5ux7CkJ1aRgNJQGDxSXOuPBpgdNoyPCeKXK6A1U\nGl2Bbnn4DGnZIJdf6NceJDs/Hn1A7gi9xNQ7AycVsbTVypFBqMMYT4WtMF3o+ARf\nkxzdN1DMxin4IxE6KWq8d7ye3mJjGxf25WiQHKgYVDgleh3azeiz6XHPe5zBqF85\nteuckKqQFnPcC6HSn9al2OKhyp7zDmh6EwTWHWCa9aHgGa3NvFWfWnPmxZaBpy2M\nsWX0gc8xzjQnJ9vP3twMAv0MLtMlBeqtFkR7QwlSDZXAwcq5Qg1wsSlRo/9fa057\nmlL8lWNMASmoDfs12dV8HLMNvKICYImlxSh8oaHq/KfsOKHDQ7KDDd/Bbs6LrOed\n5Qj4n6PxN53Lfd5+Hczbnsy5L/gfvQASESy4FSSsEgogopKD1/VS5JFeuUOtjrIE\nkWXdLwGpXgNIdYN+0kNzOj09REV4NTarc4Fr0hKiVcyp+uAXx+uXS2J/UGKB1+tr\nTX906clmnfA9gWCy9lLxCbcCAwEAAQ==\n-----END PUBLIC KEY-----\n",
            "rsa_bits": 4096
          },
          "sensitive_attributes": [],
          "private": "bnVsbA=="
        }
      ]
    }
  ]
}
